
Microsoft Visual Studio Solution File, Format Version 12.00
# Visual Studio 15
VisualStudioVersion = 15.0.27130.2036
MinimumVisualStudioVersion = 10.0.40219.1
Project("{FAE04EC0-301F-11D3-BF4B-00C04F79EFBC}") = "BitfinexDataWriter", "BitfinexDataWriter\BitfinexDataWriter.csproj", "{9B87CD6D-06F7-446C-B3D1-71CD2E71B05A}"
EndProject
Global
	GlobalSection(SolutionConfigurationPlatforms) = preSolution
		Debug|Any CPU = Debug|Any CPU
		Release|Any CPU = Release|Any CPU
	EndGlobalSection
	GlobalSection(ProjectConfigurationPlatforms) = postSolution
		{9B87CD6D-06F7-446C-B3D1-71CD2E71B05A}.Debug|Any CPU.ActiveCfg = Debug|Any CPU
		{9B87CD6D-06F7-446C-B3D1-71CD2E71B05A}.Debug|Any CPU.Build.0 = Debug|Any CPU
		{9B87CD6D-06F7-446C-B3D1-71CD2E71B05A}.Release|Any CPU.ActiveCfg = Release|Any CPU
		{9B87CD6D-06F7-446C-B3D1-71CD2E71B05A}.Release|Any CPU.Build.0 = Release|Any CPU
	EndGlobalSection
	GlobalSection(SolutionProperties) = preSolution
		HideSolutionNode = FALSE
	EndGlobalSection
	GlobalSection(ExtensibilityGlobals) = postSolution
		SolutionGuid = {D2503BAC-D6BB-4E89-A0AC-00639C84A558}
	EndGlobalSection
EndGlobal
